// !$*UTF8*$!
{
	archiveVersion = 1;
	classes = {
	};
	objectVersion = 46;
	objects = {

/* Begin PBXBuildFile section */
		6442B79794084D8866958439 /* Pods_Tutus.framework in Frameworks */ = {isa = PBXBuildFile; fileRef = 68C7D0280139E02225888DC0 /* Pods_Tutus.framework */; };
		8E118E3B1DF61E91006AA6FA /* AssignmentCreation.storyboard in Resources */ = {isa = PBXBuildFile; fileRef = 8E118E3A1DF61E91006AA6FA /* AssignmentCreation.storyboard */; };
		8E118E3D1DF61EA0006AA6FA /* AssignmentClient.swift in Sources */ = {isa = PBXBuildFile; fileRef = 8E118E3C1DF61EA0006AA6FA /* AssignmentClient.swift */; };
		8E118E3F1DF61EB0006AA6FA /* AssignmentCreationViewController.swift in Sources */ = {isa = PBXBuildFile; fileRef = 8E118E3E1DF61EB0006AA6FA /* AssignmentCreationViewController.swift */; };
		8E118E411DF61ECC006AA6FA /* LocationCreation.storyboard in Resources */ = {isa = PBXBuildFile; fileRef = 8E118E401DF61ECC006AA6FA /* LocationCreation.storyboard */; };
		8E118E431DF61EE7006AA6FA /* LocationClient.swift in Sources */ = {isa = PBXBuildFile; fileRef = 8E118E421DF61EE7006AA6FA /* LocationClient.swift */; };
		8E118E451DF61FAD006AA6FA /* LocationCreationViewController.swift in Sources */ = {isa = PBXBuildFile; fileRef = 8E118E441DF61FAD006AA6FA /* LocationCreationViewController.swift */; };
		8E1309971DF4C80C00577E51 /* GuestCreation.storyboard in Resources */ = {isa = PBXBuildFile; fileRef = 8E1309961DF4C80C00577E51 /* GuestCreation.storyboard */; };
		8E1309991DF4C83E00577E51 /* GuestCreationViewController.swift in Sources */ = {isa = PBXBuildFile; fileRef = 8E1309981DF4C83E00577E51 /* GuestCreationViewController.swift */; };
		8E13099B1DF4C86200577E51 /* GuestClient.swift in Sources */ = {isa = PBXBuildFile; fileRef = 8E13099A1DF4C86200577E51 /* GuestClient.swift */; };
		8E294CEC1DF7D85400E722D0 /* CollectionReusableView.swift in Sources */ = {isa = PBXBuildFile; fileRef = 8E294CEB1DF7D85400E722D0 /* CollectionReusableView.swift */; };
		8E294CEE1DF7EF8200E722D0 /* CollectionViewCell.swift in Sources */ = {isa = PBXBuildFile; fileRef = 8E294CED1DF7EF8200E722D0 /* CollectionViewCell.swift */; };
		8E9139051DF63AF40004BC31 /* EventInvite.storyboard in Resources */ = {isa = PBXBuildFile; fileRef = 8E9139041DF63AF40004BC31 /* EventInvite.storyboard */; };
		8E9139071DF63C1D0004BC31 /* EventUserViewController.swift in Sources */ = {isa = PBXBuildFile; fileRef = 8E9139061DF63C1D0004BC31 /* EventUserViewController.swift */; };
		907A1A64060614B3C5BB97D4 /* Pods_TutusTests.framework in Frameworks */ = {isa = PBXBuildFile; fileRef = 1494897E25F3125266F530BC /* Pods_TutusTests.framework */; };
		B90CB8AA1DE347F100A8D68D /* AppDelegate.swift in Sources */ = {isa = PBXBuildFile; fileRef = B90CB8A91DE347F100A8D68D /* AppDelegate.swift */; };
		B90CB8AC1DE347F100A8D68D /* ViewController.swift in Sources */ = {isa = PBXBuildFile; fileRef = B90CB8AB1DE347F100A8D68D /* ViewController.swift */; };
		B90CB8AF1DE347F100A8D68D /* Main.storyboard in Resources */ = {isa = PBXBuildFile; fileRef = B90CB8AD1DE347F100A8D68D /* Main.storyboard */; };
		B90CB8B21DE347F100A8D68D /* Tutus.xcdatamodeld in Sources */ = {isa = PBXBuildFile; fileRef = B90CB8B01DE347F100A8D68D /* Tutus.xcdatamodeld */; };
		B90CB8B41DE347F100A8D68D /* Assets.xcassets in Resources */ = {isa = PBXBuildFile; fileRef = B90CB8B31DE347F100A8D68D /* Assets.xcassets */; };
		B90CB8B71DE347F100A8D68D /* LaunchScreen.storyboard in Resources */ = {isa = PBXBuildFile; fileRef = B90CB8B51DE347F100A8D68D /* LaunchScreen.storyboard */; };
		B90CB8C21DE347F100A8D68D /* TutusTests.swift in Sources */ = {isa = PBXBuildFile; fileRef = B90CB8C11DE347F100A8D68D /* TutusTests.swift */; };
		B90CB8CD1DE347F100A8D68D /* TutusUITests.swift in Sources */ = {isa = PBXBuildFile; fileRef = B90CB8CC1DE347F100A8D68D /* TutusUITests.swift */; };
		B90CB8DC1DE3695000A8D68D /* Login.storyboard in Resources */ = {isa = PBXBuildFile; fileRef = B90CB8DB1DE3695000A8D68D /* Login.storyboard */; };
		B90CB8DE1DE369B000A8D68D /* LoginViewController.swift in Sources */ = {isa = PBXBuildFile; fileRef = B90CB8DD1DE369B000A8D68D /* LoginViewController.swift */; };
		B90CB8E01DE36A5600A8D68D /* LoginClient.swift in Sources */ = {isa = PBXBuildFile; fileRef = B90CB8DF1DE36A5600A8D68D /* LoginClient.swift */; };
		B91622D21DE760A0009D935C /* Event.storyboard in Resources */ = {isa = PBXBuildFile; fileRef = B91622D11DE760A0009D935C /* Event.storyboard */; };
		B91622D41DE760B2009D935C /* EventClient.swift in Sources */ = {isa = PBXBuildFile; fileRef = B91622D31DE760B2009D935C /* EventClient.swift */; };
		B91622DD1DEF6070009D935C /* MenuViewController.swift in Sources */ = {isa = PBXBuildFile; fileRef = B91622DC1DEF6070009D935C /* MenuViewController.swift */; };
		B91622DF1DEF6093009D935C /* BaseViewController.swift in Sources */ = {isa = PBXBuildFile; fileRef = B91622DE1DEF6093009D935C /* BaseViewController.swift */; };
		B9224D981DF48F4500F39F2E /* GuestDetailViewController.swift in Sources */ = {isa = PBXBuildFile; fileRef = B9224D971DF48F4500F39F2E /* GuestDetailViewController.swift */; };
		B9224D9A1DF494D000F39F2E /* GuestDetailViewModel.swift in Sources */ = {isa = PBXBuildFile; fileRef = B9224D991DF494D000F39F2E /* GuestDetailViewModel.swift */; };
		B9224D9C1DF4A99D00F39F2E /* Event.swift in Sources */ = {isa = PBXBuildFile; fileRef = B9224D9B1DF4A99D00F39F2E /* Event.swift */; };
		B93D66271DF1F4B800210219 /* MenuViewClient.swift in Sources */ = {isa = PBXBuildFile; fileRef = B93D66261DF1F4B800210219 /* MenuViewClient.swift */; };
		B93D66291DF236F200210219 /* EventViewController.swift in Sources */ = {isa = PBXBuildFile; fileRef = B93D66281DF236F200210219 /* EventViewController.swift */; };
		B93D662B1DF3419900210219 /* NoEventViewController.swift in Sources */ = {isa = PBXBuildFile; fileRef = B93D662A1DF3419900210219 /* NoEventViewController.swift */; };
		B93D662D1DF34C1300210219 /* EventGuestRiskListViewController.swift in Sources */ = {isa = PBXBuildFile; fileRef = B93D662C1DF34C1300210219 /* EventGuestRiskListViewController.swift */; };
		B93D66301DF353A800210219 /* EventGuestRiskListModel.swift in Sources */ = {isa = PBXBuildFile; fileRef = B93D662F1DF353A800210219 /* EventGuestRiskListModel.swift */; };
		B93D66331DF353DE00210219 /* Guest.swift in Sources */ = {isa = PBXBuildFile; fileRef = B93D66321DF353DE00210219 /* Guest.swift */; };
		B93D66351DF3549A00210219 /* SearchGuestListRiskClient.swift in Sources */ = {isa = PBXBuildFile; fileRef = B93D66341DF3549A00210219 /* SearchGuestListRiskClient.swift */; };
		B93D66381DF355FE00210219 /* RiskTableViewCell.swift in Sources */ = {isa = PBXBuildFile; fileRef = B93D66361DF355FE00210219 /* RiskTableViewCell.swift */; };
		B93D66391DF355FE00210219 /* RiskTableViewCell.xib in Resources */ = {isa = PBXBuildFile; fileRef = B93D66371DF355FE00210219 /* RiskTableViewCell.xib */; };
		B96517031DF67CF5005F4987 /* EventMember.storyboard in Resources */ = {isa = PBXBuildFile; fileRef = B96517021DF67CF5005F4987 /* EventMember.storyboard */; };
		B96517061DF7608C005F4987 /* EventTeam.storyboard in Resources */ = {isa = PBXBuildFile; fileRef = B96517051DF7608C005F4987 /* EventTeam.storyboard */; };
		B96517081DF7816D005F4987 /* User.swift in Sources */ = {isa = PBXBuildFile; fileRef = B96517071DF7816D005F4987 /* User.swift */; };
		B965170B1DF87474005F4987 /* EventGuestMemberListViewController.swift in Sources */ = {isa = PBXBuildFile; fileRef = B965170A1DF87474005F4987 /* EventGuestMemberListViewController.swift */; };
		B965170D1DF874A6005F4987 /* EventGuestMemberListModel.swift in Sources */ = {isa = PBXBuildFile; fileRef = B965170C1DF874A6005F4987 /* EventGuestMemberListModel.swift */; };
		B965170F1DF874CC005F4987 /* SearchMemberGuestListClient.swift in Sources */ = {isa = PBXBuildFile; fileRef = B965170E1DF874CC005F4987 /* SearchMemberGuestListClient.swift */; };
		B96517111DF88A0E005F4987 /* EventGuestTeamListViewController.swift in Sources */ = {isa = PBXBuildFile; fileRef = B96517101DF88A0E005F4987 /* EventGuestTeamListViewController.swift */; };
		B96517141DF8DA34005F4987 /* LocationTableViewCell.swift in Sources */ = {isa = PBXBuildFile; fileRef = B96517121DF8DA34005F4987 /* LocationTableViewCell.swift */; };
		B96517151DF8DA34005F4987 /* LocationTableViewCell.xib in Resources */ = {isa = PBXBuildFile; fileRef = B96517131DF8DA34005F4987 /* LocationTableViewCell.xib */; };
		B96517171DF8DCB9005F4987 /* LocationViewController.swift in Sources */ = {isa = PBXBuildFile; fileRef = B96517161DF8DCB9005F4987 /* LocationViewController.swift */; };
		B96517191DF8DEC0005F4987 /* LocationListModel.swift in Sources */ = {isa = PBXBuildFile; fileRef = B96517181DF8DEC0005F4987 /* LocationListModel.swift */; };
		B965171B1DF8DEF7005F4987 /* Location.swift in Sources */ = {isa = PBXBuildFile; fileRef = B965171A1DF8DEF7005F4987 /* Location.swift */; };
		B965171D1DF8F7AB005F4987 /* AssignmentViewController.swift in Sources */ = {isa = PBXBuildFile; fileRef = B965171C1DF8F7AB005F4987 /* AssignmentViewController.swift */; };
		B97186301DEF93A60096E506 /* EventCreation.storyboard in Resources */ = {isa = PBXBuildFile; fileRef = B971862F1DEF93A60096E506 /* EventCreation.storyboard */; };
		B97186321DEF93D90096E506 /* EventCreationViewController.swift in Sources */ = {isa = PBXBuildFile; fileRef = B97186311DEF93D90096E506 /* EventCreationViewController.swift */; };
		B97186341DEFA4D40096E506 /* UserClient.swift in Sources */ = {isa = PBXBuildFile; fileRef = B97186331DEFA4D40096E506 /* UserClient.swift */; };
		B9D60EA61DF943A900598123 /* AssignmentTableViewCell.swift in Sources */ = {isa = PBXBuildFile; fileRef = B9D60EA41DF943A900598123 /* AssignmentTableViewCell.swift */; };
		B9D60EA71DF943A900598123 /* AssignmentTableViewCell.xib in Resources */ = {isa = PBXBuildFile; fileRef = B9D60EA51DF943A900598123 /* AssignmentTableViewCell.xib */; };
		B9D60EA91DF947CD00598123 /* AssignmentTableViewController.swift in Sources */ = {isa = PBXBuildFile; fileRef = B9D60EA81DF947CD00598123 /* AssignmentTableViewController.swift */; };
		B9D60EAB1DF9487A00598123 /* AssignmentListModel.swift in Sources */ = {isa = PBXBuildFile; fileRef = B9D60EAA1DF9487A00598123 /* AssignmentListModel.swift */; };
		B9D60EAD1DF9491800598123 /* Assignment.swift in Sources */ = {isa = PBXBuildFile; fileRef = B9D60EAC1DF9491800598123 /* Assignment.swift */; };
		B9D60EB01DF959C100598123 /* QuestionViewController.swift in Sources */ = {isa = PBXBuildFile; fileRef = B9D60EAF1DF959C100598123 /* QuestionViewController.swift */; };
		B9D60EB21DF959E300598123 /* QuestionClient.swift in Sources */ = {isa = PBXBuildFile; fileRef = B9D60EB11DF959E300598123 /* QuestionClient.swift */; };
		B9D60EB61DF95A4600598123 /* Question.swift in Sources */ = {isa = PBXBuildFile; fileRef = B9D60EB51DF95A4600598123 /* Question.swift */; };
		B9D60EB91DF962EC00598123 /* MessageViewController.swift in Sources */ = {isa = PBXBuildFile; fileRef = B9D60EB81DF962EC00598123 /* MessageViewController.swift */; };
		B9D60EBB1DF963D400598123 /* MessageClient.swift in Sources */ = {isa = PBXBuildFile; fileRef = B9D60EBA1DF963D400598123 /* MessageClient.swift */; };
		E6900FE952B32E051A086BA6 /* Pods_TutusUITests.framework in Frameworks */ = {isa = PBXBuildFile; fileRef = 2DFDC11EC0BBB75621AD83F7 /* Pods_TutusUITests.framework */; };
/* End PBXBuildFile section */

/* Begin PBXContainerItemProxy section */
		B90CB8BE1DE347F100A8D68D /* PBXContainerItemProxy */ = {
			isa = PBXContainerItemProxy;
			containerPortal = B90CB89E1DE347F100A8D68D /* Project object */;
			proxyType = 1;
			remoteGlobalIDString = B90CB8A51DE347F100A8D68D;
			remoteInfo = Tutus;
		};
		B90CB8C91DE347F100A8D68D /* PBXContainerItemProxy */ = {
			isa = PBXContainerItemProxy;
			containerPortal = B90CB89E1DE347F100A8D68D /* Project object */;
			proxyType = 1;
			remoteGlobalIDString = B90CB8A51DE347F100A8D68D;
			remoteInfo = Tutus;
		};
/* End PBXContainerItemProxy section */

/* Begin PBXFileReference section */
		1494897E25F3125266F530BC /* Pods_TutusTests.framework */ = {isa = PBXFileReference; explicitFileType = wrapper.framework; includeInIndex = 0; path = Pods_TutusTests.framework; sourceTree = BUILT_PRODUCTS_DIR; };
		2DFDC11EC0BBB75621AD83F7 /* Pods_TutusUITests.framework */ = {isa = PBXFileReference; explicitFileType = wrapper.framework; includeInIndex = 0; path = Pods_TutusUITests.framework; sourceTree = BUILT_PRODUCTS_DIR; };
		55B411B8A56D06B25AF6636A /* Pods-Tutus.release.xcconfig */ = {isa = PBXFileReference; includeInIndex = 1; lastKnownFileType = text.xcconfig; name = "Pods-Tutus.release.xcconfig"; path = "Pods/Target Support Files/Pods-Tutus/Pods-Tutus.release.xcconfig"; sourceTree = "<group>"; };
		68C7D0280139E02225888DC0 /* Pods_Tutus.framework */ = {isa = PBXFileReference; explicitFileType = wrapper.framework; includeInIndex = 0; path = Pods_Tutus.framework; sourceTree = BUILT_PRODUCTS_DIR; };
		7690543BBF6C0AE928DE7FBB /* Pods-TutusUITests.release.xcconfig */ = {isa = PBXFileReference; includeInIndex = 1; lastKnownFileType = text.xcconfig; name = "Pods-TutusUITests.release.xcconfig"; path = "Pods/Target Support Files/Pods-TutusUITests/Pods-TutusUITests.release.xcconfig"; sourceTree = "<group>"; };
		8E118E3A1DF61E91006AA6FA /* AssignmentCreation.storyboard */ = {isa = PBXFileReference; fileEncoding = 4; lastKnownFileType = file.storyboard; path = AssignmentCreation.storyboard; sourceTree = "<group>"; };
		8E118E3C1DF61EA0006AA6FA /* AssignmentClient.swift */ = {isa = PBXFileReference; fileEncoding = 4; lastKnownFileType = sourcecode.swift; path = AssignmentClient.swift; sourceTree = "<group>"; };
		8E118E3E1DF61EB0006AA6FA /* AssignmentCreationViewController.swift */ = {isa = PBXFileReference; fileEncoding = 4; lastKnownFileType = sourcecode.swift; path = AssignmentCreationViewController.swift; sourceTree = "<group>"; };
		8E118E401DF61ECC006AA6FA /* LocationCreation.storyboard */ = {isa = PBXFileReference; fileEncoding = 4; lastKnownFileType = file.storyboard; path = LocationCreation.storyboard; sourceTree = "<group>"; };
		8E118E421DF61EE7006AA6FA /* LocationClient.swift */ = {isa = PBXFileReference; fileEncoding = 4; lastKnownFileType = sourcecode.swift; path = LocationClient.swift; sourceTree = "<group>"; };
		8E118E441DF61FAD006AA6FA /* LocationCreationViewController.swift */ = {isa = PBXFileReference; fileEncoding = 4; lastKnownFileType = sourcecode.swift; path = LocationCreationViewController.swift; sourceTree = "<group>"; };
		8E1309961DF4C80C00577E51 /* GuestCreation.storyboard */ = {isa = PBXFileReference; fileEncoding = 4; lastKnownFileType = file.storyboard; path = GuestCreation.storyboard; sourceTree = "<group>"; };
		8E1309981DF4C83E00577E51 /* GuestCreationViewController.swift */ = {isa = PBXFileReference; fileEncoding = 4; lastKnownFileType = sourcecode.swift; path = GuestCreationViewController.swift; sourceTree = "<group>"; };
		8E13099A1DF4C86200577E51 /* GuestClient.swift */ = {isa = PBXFileReference; fileEncoding = 4; lastKnownFileType = sourcecode.swift; path = GuestClient.swift; sourceTree = "<group>"; };
		8E294CEB1DF7D85400E722D0 /* CollectionReusableView.swift */ = {isa = PBXFileReference; fileEncoding = 4; lastKnownFileType = sourcecode.swift; path = CollectionReusableView.swift; sourceTree = "<group>"; };
		8E294CED1DF7EF8200E722D0 /* CollectionViewCell.swift */ = {isa = PBXFileReference; fileEncoding = 4; lastKnownFileType = sourcecode.swift; path = CollectionViewCell.swift; sourceTree = "<group>"; };
		8E9139041DF63AF40004BC31 /* EventInvite.storyboard */ = {isa = PBXFileReference; fileEncoding = 4; lastKnownFileType = file.storyboard; path = EventInvite.storyboard; sourceTree = "<group>"; };
		8E9139061DF63C1D0004BC31 /* EventUserViewController.swift */ = {isa = PBXFileReference; fileEncoding = 4; lastKnownFileType = sourcecode.swift; path = EventUserViewController.swift; sourceTree = "<group>"; };
		9A8E1346EAF0E12BCC701B79 /* Pods-TutusTests.release.xcconfig */ = {isa = PBXFileReference; includeInIndex = 1; lastKnownFileType = text.xcconfig; name = "Pods-TutusTests.release.xcconfig"; path = "Pods/Target Support Files/Pods-TutusTests/Pods-TutusTests.release.xcconfig"; sourceTree = "<group>"; };
		B90CB8A61DE347F100A8D68D /* Tutus.app */ = {isa = PBXFileReference; explicitFileType = wrapper.application; includeInIndex = 0; path = Tutus.app; sourceTree = BUILT_PRODUCTS_DIR; };
		B90CB8A91DE347F100A8D68D /* AppDelegate.swift */ = {isa = PBXFileReference; lastKnownFileType = sourcecode.swift; path = AppDelegate.swift; sourceTree = "<group>"; };
		B90CB8AB1DE347F100A8D68D /* ViewController.swift */ = {isa = PBXFileReference; lastKnownFileType = sourcecode.swift; path = ViewController.swift; sourceTree = "<group>"; };
		B90CB8AE1DE347F100A8D68D /* Base */ = {isa = PBXFileReference; lastKnownFileType = file.storyboard; name = Base; path = Base.lproj/Main.storyboard; sourceTree = "<group>"; };
		B90CB8B11DE347F100A8D68D /* Tutus.xcdatamodel */ = {isa = PBXFileReference; lastKnownFileType = wrapper.xcdatamodel; path = Tutus.xcdatamodel; sourceTree = "<group>"; };
		B90CB8B31DE347F100A8D68D /* Assets.xcassets */ = {isa = PBXFileReference; lastKnownFileType = folder.assetcatalog; path = Assets.xcassets; sourceTree = "<group>"; };
		B90CB8B61DE347F100A8D68D /* Base */ = {isa = PBXFileReference; lastKnownFileType = file.storyboard; name = Base; path = Base.lproj/LaunchScreen.storyboard; sourceTree = "<group>"; };
		B90CB8B81DE347F100A8D68D /* Info.plist */ = {isa = PBXFileReference; lastKnownFileType = text.plist.xml; path = Info.plist; sourceTree = "<group>"; };
		B90CB8BD1DE347F100A8D68D /* TutusTests.xctest */ = {isa = PBXFileReference; explicitFileType = wrapper.cfbundle; includeInIndex = 0; path = TutusTests.xctest; sourceTree = BUILT_PRODUCTS_DIR; };
		B90CB8C11DE347F100A8D68D /* TutusTests.swift */ = {isa = PBXFileReference; lastKnownFileType = sourcecode.swift; path = TutusTests.swift; sourceTree = "<group>"; };
		B90CB8C31DE347F100A8D68D /* Info.plist */ = {isa = PBXFileReference; lastKnownFileType = text.plist.xml; path = Info.plist; sourceTree = "<group>"; };
		B90CB8C81DE347F100A8D68D /* TutusUITests.xctest */ = {isa = PBXFileReference; explicitFileType = wrapper.cfbundle; includeInIndex = 0; path = TutusUITests.xctest; sourceTree = BUILT_PRODUCTS_DIR; };
		B90CB8CC1DE347F100A8D68D /* TutusUITests.swift */ = {isa = PBXFileReference; lastKnownFileType = sourcecode.swift; path = TutusUITests.swift; sourceTree = "<group>"; };
		B90CB8CE1DE347F100A8D68D /* Info.plist */ = {isa = PBXFileReference; lastKnownFileType = text.plist.xml; path = Info.plist; sourceTree = "<group>"; };
		B90CB8DB1DE3695000A8D68D /* Login.storyboard */ = {isa = PBXFileReference; fileEncoding = 4; lastKnownFileType = file.storyboard; path = Login.storyboard; sourceTree = "<group>"; };
		B90CB8DD1DE369B000A8D68D /* LoginViewController.swift */ = {isa = PBXFileReference; fileEncoding = 4; lastKnownFileType = sourcecode.swift; path = LoginViewController.swift; sourceTree = "<group>"; };
		B90CB8DF1DE36A5600A8D68D /* LoginClient.swift */ = {isa = PBXFileReference; fileEncoding = 4; lastKnownFileType = sourcecode.swift; path = LoginClient.swift; sourceTree = "<group>"; };
		B91622CA1DE75AC1009D935C /* Tutus.entitlements */ = {isa = PBXFileReference; lastKnownFileType = text.plist.entitlements; path = Tutus.entitlements; sourceTree = "<group>"; };
		B91622D11DE760A0009D935C /* Event.storyboard */ = {isa = PBXFileReference; fileEncoding = 4; lastKnownFileType = file.storyboard; path = Event.storyboard; sourceTree = "<group>"; };
		B91622D31DE760B2009D935C /* EventClient.swift */ = {isa = PBXFileReference; fileEncoding = 4; lastKnownFileType = sourcecode.swift; path = EventClient.swift; sourceTree = "<group>"; };
		B91622DC1DEF6070009D935C /* MenuViewController.swift */ = {isa = PBXFileReference; fileEncoding = 4; lastKnownFileType = sourcecode.swift; path = MenuViewController.swift; sourceTree = "<group>"; };
		B91622DE1DEF6093009D935C /* BaseViewController.swift */ = {isa = PBXFileReference; fileEncoding = 4; lastKnownFileType = sourcecode.swift; path = BaseViewController.swift; sourceTree = "<group>"; };
		B9224D971DF48F4500F39F2E /* GuestDetailViewController.swift */ = {isa = PBXFileReference; fileEncoding = 4; lastKnownFileType = sourcecode.swift; path = GuestDetailViewController.swift; sourceTree = "<group>"; };
		B9224D991DF494D000F39F2E /* GuestDetailViewModel.swift */ = {isa = PBXFileReference; fileEncoding = 4; lastKnownFileType = sourcecode.swift; path = GuestDetailViewModel.swift; sourceTree = "<group>"; };
		B9224D9B1DF4A99D00F39F2E /* Event.swift */ = {isa = PBXFileReference; fileEncoding = 4; lastKnownFileType = sourcecode.swift; path = Event.swift; sourceTree = "<group>"; };
		B93D66261DF1F4B800210219 /* MenuViewClient.swift */ = {isa = PBXFileReference; fileEncoding = 4; lastKnownFileType = sourcecode.swift; path = MenuViewClient.swift; sourceTree = "<group>"; };
		B93D66281DF236F200210219 /* EventViewController.swift */ = {isa = PBXFileReference; fileEncoding = 4; lastKnownFileType = sourcecode.swift; path = EventViewController.swift; sourceTree = "<group>"; };
		B93D662A1DF3419900210219 /* NoEventViewController.swift */ = {isa = PBXFileReference; fileEncoding = 4; lastKnownFileType = sourcecode.swift; path = NoEventViewController.swift; sourceTree = "<group>"; };
		B93D662C1DF34C1300210219 /* EventGuestRiskListViewController.swift */ = {isa = PBXFileReference; fileEncoding = 4; lastKnownFileType = sourcecode.swift; path = EventGuestRiskListViewController.swift; sourceTree = "<group>"; };
		B93D662F1DF353A800210219 /* EventGuestRiskListModel.swift */ = {isa = PBXFileReference; fileEncoding = 4; lastKnownFileType = sourcecode.swift; path = EventGuestRiskListModel.swift; sourceTree = "<group>"; };
		B93D66321DF353DE00210219 /* Guest.swift */ = {isa = PBXFileReference; fileEncoding = 4; lastKnownFileType = sourcecode.swift; path = Guest.swift; sourceTree = "<group>"; };
		B93D66341DF3549A00210219 /* SearchGuestListRiskClient.swift */ = {isa = PBXFileReference; fileEncoding = 4; lastKnownFileType = sourcecode.swift; path = SearchGuestListRiskClient.swift; sourceTree = "<group>"; };
		B93D66361DF355FE00210219 /* RiskTableViewCell.swift */ = {isa = PBXFileReference; fileEncoding = 4; lastKnownFileType = sourcecode.swift; path = RiskTableViewCell.swift; sourceTree = "<group>"; };
		B93D66371DF355FE00210219 /* RiskTableViewCell.xib */ = {isa = PBXFileReference; fileEncoding = 4; lastKnownFileType = file.xib; path = RiskTableViewCell.xib; sourceTree = "<group>"; };
		B96517021DF67CF5005F4987 /* EventMember.storyboard */ = {isa = PBXFileReference; fileEncoding = 4; lastKnownFileType = file.storyboard; path = EventMember.storyboard; sourceTree = "<group>"; };
		B96517051DF7608C005F4987 /* EventTeam.storyboard */ = {isa = PBXFileReference; fileEncoding = 4; lastKnownFileType = file.storyboard; path = EventTeam.storyboard; sourceTree = "<group>"; };
		B96517071DF7816D005F4987 /* User.swift */ = {isa = PBXFileReference; fileEncoding = 4; lastKnownFileType = sourcecode.swift; path = User.swift; sourceTree = "<group>"; };
		B965170A1DF87474005F4987 /* EventGuestMemberListViewController.swift */ = {isa = PBXFileReference; fileEncoding = 4; lastKnownFileType = sourcecode.swift; path = EventGuestMemberListViewController.swift; sourceTree = "<group>"; };
		B965170C1DF874A6005F4987 /* EventGuestMemberListModel.swift */ = {isa = PBXFileReference; fileEncoding = 4; lastKnownFileType = sourcecode.swift; path = EventGuestMemberListModel.swift; sourceTree = "<group>"; };
		B965170E1DF874CC005F4987 /* SearchMemberGuestListClient.swift */ = {isa = PBXFileReference; fileEncoding = 4; lastKnownFileType = sourcecode.swift; path = SearchMemberGuestListClient.swift; sourceTree = "<group>"; };
		B96517101DF88A0E005F4987 /* EventGuestTeamListViewController.swift */ = {isa = PBXFileReference; fileEncoding = 4; lastKnownFileType = sourcecode.swift; path = EventGuestTeamListViewController.swift; sourceTree = "<group>"; };
		B96517121DF8DA34005F4987 /* LocationTableViewCell.swift */ = {isa = PBXFileReference; fileEncoding = 4; lastKnownFileType = sourcecode.swift; path = LocationTableViewCell.swift; sourceTree = "<group>"; };
		B96517131DF8DA34005F4987 /* LocationTableViewCell.xib */ = {isa = PBXFileReference; fileEncoding = 4; lastKnownFileType = file.xib; path = LocationTableViewCell.xib; sourceTree = "<group>"; };
		B96517161DF8DCB9005F4987 /* LocationViewController.swift */ = {isa = PBXFileReference; fileEncoding = 4; lastKnownFileType = sourcecode.swift; path = LocationViewController.swift; sourceTree = "<group>"; };
		B96517181DF8DEC0005F4987 /* LocationListModel.swift */ = {isa = PBXFileReference; fileEncoding = 4; lastKnownFileType = sourcecode.swift; path = LocationListModel.swift; sourceTree = "<group>"; };
		B965171A1DF8DEF7005F4987 /* Location.swift */ = {isa = PBXFileReference; fileEncoding = 4; lastKnownFileType = sourcecode.swift; path = Location.swift; sourceTree = "<group>"; };
		B965171C1DF8F7AB005F4987 /* AssignmentViewController.swift */ = {isa = PBXFileReference; fileEncoding = 4; lastKnownFileType = sourcecode.swift; path = AssignmentViewController.swift; sourceTree = "<group>"; };
		B971862F1DEF93A60096E506 /* EventCreation.storyboard */ = {isa = PBXFileReference; fileEncoding = 4; lastKnownFileType = file.storyboard; path = EventCreation.storyboard; sourceTree = "<group>"; };
		B97186311DEF93D90096E506 /* EventCreationViewController.swift */ = {isa = PBXFileReference; fileEncoding = 4; lastKnownFileType = sourcecode.swift; path = EventCreationViewController.swift; sourceTree = "<group>"; };
		B97186331DEFA4D40096E506 /* UserClient.swift */ = {isa = PBXFileReference; fileEncoding = 4; lastKnownFileType = sourcecode.swift; path = UserClient.swift; sourceTree = "<group>"; };
		B9D60EA41DF943A900598123 /* AssignmentTableViewCell.swift */ = {isa = PBXFileReference; fileEncoding = 4; lastKnownFileType = sourcecode.swift; path = AssignmentTableViewCell.swift; sourceTree = "<group>"; };
		B9D60EA51DF943A900598123 /* AssignmentTableViewCell.xib */ = {isa = PBXFileReference; fileEncoding = 4; lastKnownFileType = file.xib; path = AssignmentTableViewCell.xib; sourceTree = "<group>"; };
		B9D60EA81DF947CD00598123 /* AssignmentTableViewController.swift */ = {isa = PBXFileReference; fileEncoding = 4; lastKnownFileType = sourcecode.swift; path = AssignmentTableViewController.swift; sourceTree = "<group>"; };
		B9D60EAA1DF9487A00598123 /* AssignmentListModel.swift */ = {isa = PBXFileReference; fileEncoding = 4; lastKnownFileType = sourcecode.swift; path = AssignmentListModel.swift; sourceTree = "<group>"; };
		B9D60EAC1DF9491800598123 /* Assignment.swift */ = {isa = PBXFileReference; fileEncoding = 4; lastKnownFileType = sourcecode.swift; path = Assignment.swift; sourceTree = "<group>"; };
		B9D60EAF1DF959C100598123 /* QuestionViewController.swift */ = {isa = PBXFileReference; fileEncoding = 4; lastKnownFileType = sourcecode.swift; path = QuestionViewController.swift; sourceTree = "<group>"; };
		B9D60EB11DF959E300598123 /* QuestionClient.swift */ = {isa = PBXFileReference; fileEncoding = 4; lastKnownFileType = sourcecode.swift; path = QuestionClient.swift; sourceTree = "<group>"; };
		B9D60EB51DF95A4600598123 /* Question.swift */ = {isa = PBXFileReference; fileEncoding = 4; lastKnownFileType = sourcecode.swift; path = Question.swift; sourceTree = "<group>"; };
		B9D60EB81DF962EC00598123 /* MessageViewController.swift */ = {isa = PBXFileReference; fileEncoding = 4; lastKnownFileType = sourcecode.swift; path = MessageViewController.swift; sourceTree = "<group>"; };
		B9D60EBA1DF963D400598123 /* MessageClient.swift */ = {isa = PBXFileReference; fileEncoding = 4; lastKnownFileType = sourcecode.swift; path = MessageClient.swift; sourceTree = "<group>"; };
		CA9A2505F6D1BBC8934992F0 /* Pods-Tutus.debug.xcconfig */ = {isa = PBXFileReference; includeInIndex = 1; lastKnownFileType = text.xcconfig; name = "Pods-Tutus.debug.xcconfig"; path = "Pods/Target Support Files/Pods-Tutus/Pods-Tutus.debug.xcconfig"; sourceTree = "<group>"; };
		CB44204C22D4C5A2250BC30A /* Pods-TutusTests.debug.xcconfig */ = {isa = PBXFileReference; includeInIndex = 1; lastKnownFileType = text.xcconfig; name = "Pods-TutusTests.debug.xcconfig"; path = "Pods/Target Support Files/Pods-TutusTests/Pods-TutusTests.debug.xcconfig"; sourceTree = "<group>"; };
		D815CA8F864A0545BB9B333D /* Pods-TutusUITests.debug.xcconfig */ = {isa = PBXFileReference; includeInIndex = 1; lastKnownFileType = text.xcconfig; name = "Pods-TutusUITests.debug.xcconfig"; path = "Pods/Target Support Files/Pods-TutusUITests/Pods-TutusUITests.debug.xcconfig"; sourceTree = "<group>"; };
/* End PBXFileReference section */

/* Begin PBXFrameworksBuildPhase section */
		B90CB8A31DE347F100A8D68D /* Frameworks */ = {
			isa = PBXFrameworksBuildPhase;
			buildActionMask = 2147483647;
			files = (
				6442B79794084D8866958439 /* Pods_Tutus.framework in Frameworks */,
			);
			runOnlyForDeploymentPostprocessing = 0;
		};
		B90CB8BA1DE347F100A8D68D /* Frameworks */ = {
			isa = PBXFrameworksBuildPhase;
			buildActionMask = 2147483647;
			files = (
				907A1A64060614B3C5BB97D4 /* Pods_TutusTests.framework in Frameworks */,
			);
			runOnlyForDeploymentPostprocessing = 0;
		};
		B90CB8C51DE347F100A8D68D /* Frameworks */ = {
			isa = PBXFrameworksBuildPhase;
			buildActionMask = 2147483647;
			files = (
				E6900FE952B32E051A086BA6 /* Pods_TutusUITests.framework in Frameworks */,
			);
			runOnlyForDeploymentPostprocessing = 0;
		};
/* End PBXFrameworksBuildPhase section */

/* Begin PBXGroup section */
		0A561A35F352A1C988683926 /* Frameworks */ = {
			isa = PBXGroup;
			children = (
				68C7D0280139E02225888DC0 /* Pods_Tutus.framework */,
				1494897E25F3125266F530BC /* Pods_TutusTests.framework */,
				2DFDC11EC0BBB75621AD83F7 /* Pods_TutusUITests.framework */,
			);
			name = Frameworks;
			sourceTree = "<group>";
		};
		8A65841EE4928DE0FDC1002D /* Pods */ = {
			isa = PBXGroup;
			children = (
				CA9A2505F6D1BBC8934992F0 /* Pods-Tutus.debug.xcconfig */,
				55B411B8A56D06B25AF6636A /* Pods-Tutus.release.xcconfig */,
				CB44204C22D4C5A2250BC30A /* Pods-TutusTests.debug.xcconfig */,
				9A8E1346EAF0E12BCC701B79 /* Pods-TutusTests.release.xcconfig */,
				D815CA8F864A0545BB9B333D /* Pods-TutusUITests.debug.xcconfig */,
				7690543BBF6C0AE928DE7FBB /* Pods-TutusUITests.release.xcconfig */,
			);
			name = Pods;
			sourceTree = "<group>";
		};
		8E118E381DF61E40006AA6FA /* Locations */ = {
			isa = PBXGroup;
			children = (
				8E118E401DF61ECC006AA6FA /* LocationCreation.storyboard */,
				8E118E421DF61EE7006AA6FA /* LocationClient.swift */,
				B96517121DF8DA34005F4987 /* LocationTableViewCell.swift */,
				B96517131DF8DA34005F4987 /* LocationTableViewCell.xib */,
				B96517181DF8DEC0005F4987 /* LocationListModel.swift */,
				8E118E441DF61FAD006AA6FA /* LocationCreationViewController.swift */,
				B96517161DF8DCB9005F4987 /* LocationViewController.swift */,
			);
			name = Locations;
			sourceTree = "<group>";
		};
		8E118E391DF61E4A006AA6FA /* Assignments */ = {
			isa = PBXGroup;
			children = (
				8E118E3A1DF61E91006AA6FA /* AssignmentCreation.storyboard */,
				8E118E3C1DF61EA0006AA6FA /* AssignmentClient.swift */,
				8E118E3E1DF61EB0006AA6FA /* AssignmentCreationViewController.swift */,
				8E294CEB1DF7D85400E722D0 /* CollectionReusableView.swift */,
				8E294CED1DF7EF8200E722D0 /* CollectionViewCell.swift */,
				B965171C1DF8F7AB005F4987 /* AssignmentViewController.swift */,
				B9D60EA41DF943A900598123 /* AssignmentTableViewCell.swift */,
				B9D60EA51DF943A900598123 /* AssignmentTableViewCell.xib */,
				B9D60EA81DF947CD00598123 /* AssignmentTableViewController.swift */,
				B9D60EAA1DF9487A00598123 /* AssignmentListModel.swift */,
			);
			name = Assignments;
			sourceTree = "<group>";
		};
		B90CB89D1DE347F100A8D68D = {
			isa = PBXGroup;
			children = (
				B90CB8A81DE347F100A8D68D /* Tutus */,
				B90CB8C01DE347F100A8D68D /* TutusTests */,
				B90CB8CB1DE347F100A8D68D /* TutusUITests */,
				B90CB8A71DE347F100A8D68D /* Products */,
				8A65841EE4928DE0FDC1002D /* Pods */,
				0A561A35F352A1C988683926 /* Frameworks */,
			);
			sourceTree = "<group>";
		};
		B90CB8A71DE347F100A8D68D /* Products */ = {
			isa = PBXGroup;
			children = (
				B90CB8A61DE347F100A8D68D /* Tutus.app */,
				B90CB8BD1DE347F100A8D68D /* TutusTests.xctest */,
				B90CB8C81DE347F100A8D68D /* TutusUITests.xctest */,
			);
			name = Products;
			sourceTree = "<group>";
		};
		B90CB8A81DE347F100A8D68D /* Tutus */ = {
			isa = PBXGroup;
			children = (
				B9D60EB71DF961E500598123 /* Messages */,
				B9D60EAE1DF9596200598123 /* Questions */,
				8E118E391DF61E4A006AA6FA /* Assignments */,
				8E118E381DF61E40006AA6FA /* Locations */,
				B9224D961DF48F2D00F39F2E /* Guest */,
				B93D66311DF353D100210219 /* models */,
				B9EB83251DE38C1300C0A4B9 /* Main StoryBoard */,
				B90CB8E51DE36BF900A8D68D /* Event */,
				B90CB8DA1DE3693600A8D68D /* Login */,
				B971862E1DEF93840096E506 /* EventCreation */,
				B91622CA1DE75AC1009D935C /* Tutus.entitlements */,
				B90CB8A91DE347F100A8D68D /* AppDelegate.swift */,
				B90CB8B51DE347F100A8D68D /* LaunchScreen.storyboard */,
				B90CB8B31DE347F100A8D68D /* Assets.xcassets */,
				B90CB8B81DE347F100A8D68D /* Info.plist */,
				B90CB8B01DE347F100A8D68D /* Tutus.xcdatamodeld */,
			);
			path = Tutus;
			sourceTree = "<group>";
		};
		B90CB8C01DE347F100A8D68D /* TutusTests */ = {
			isa = PBXGroup;
			children = (
				B90CB8C11DE347F100A8D68D /* TutusTests.swift */,
				B90CB8C31DE347F100A8D68D /* Info.plist */,
			);
			path = TutusTests;
			sourceTree = "<group>";
		};
		B90CB8CB1DE347F100A8D68D /* TutusUITests */ = {
			isa = PBXGroup;
			children = (
				B90CB8CC1DE347F100A8D68D /* TutusUITests.swift */,
				B90CB8CE1DE347F100A8D68D /* Info.plist */,
			);
			path = TutusUITests;
			sourceTree = "<group>";
		};
		B90CB8DA1DE3693600A8D68D /* Login */ = {
			isa = PBXGroup;
			children = (
				B90CB8DB1DE3695000A8D68D /* Login.storyboard */,
				B90CB8DD1DE369B000A8D68D /* LoginViewController.swift */,
				B90CB8DF1DE36A5600A8D68D /* LoginClient.swift */,
				B97186331DEFA4D40096E506 /* UserClient.swift */,
			);
			name = Login;
			sourceTree = "<group>";
		};
		B90CB8E51DE36BF900A8D68D /* Event */ = {
			isa = PBXGroup;
			children = (
				B96517041DF76066005F4987 /* EventTeam */,
				B96517011DF67C9D005F4987 /* EventMember */,
				B9224D951DF48ECC00F39F2E /* EventRiskList */,
				B91622D31DE760B2009D935C /* EventClient.swift */,
				B93D66281DF236F200210219 /* EventViewController.swift */,
				B93D662A1DF3419900210219 /* NoEventViewController.swift */,
			);
			name = Event;
			sourceTree = "<group>";
		};
		B9224D951DF48ECC00F39F2E /* EventRiskList */ = {
			isa = PBXGroup;
			children = (
				B91622D11DE760A0009D935C /* Event.storyboard */,
				B93D662C1DF34C1300210219 /* EventGuestRiskListViewController.swift */,
				B93D662F1DF353A800210219 /* EventGuestRiskListModel.swift */,
				B93D66361DF355FE00210219 /* RiskTableViewCell.swift */,
				B93D66371DF355FE00210219 /* RiskTableViewCell.xib */,
				B93D66341DF3549A00210219 /* SearchGuestListRiskClient.swift */,
			);
			name = EventRiskList;
			sourceTree = "<group>";
		};
		B9224D961DF48F2D00F39F2E /* Guest */ = {
			isa = PBXGroup;
			children = (
				B9224D971DF48F4500F39F2E /* GuestDetailViewController.swift */,
				B9224D991DF494D000F39F2E /* GuestDetailViewModel.swift */,
				8E1309961DF4C80C00577E51 /* GuestCreation.storyboard */,
				8E1309981DF4C83E00577E51 /* GuestCreationViewController.swift */,
				8E13099A1DF4C86200577E51 /* GuestClient.swift */,
			);
			name = Guest;
			sourceTree = "<group>";
		};
		B93D66311DF353D100210219 /* models */ = {
			isa = PBXGroup;
			children = (
				B93D66321DF353DE00210219 /* Guest.swift */,
				B9224D9B1DF4A99D00F39F2E /* Event.swift */,
				B96517071DF7816D005F4987 /* User.swift */,
				B965171A1DF8DEF7005F4987 /* Location.swift */,
				B9D60EAC1DF9491800598123 /* Assignment.swift */,
				B9D60EB51DF95A4600598123 /* Question.swift */,
			);
			name = models;
			sourceTree = "<group>";
		};
		B96517011DF67C9D005F4987 /* EventMember */ = {
			isa = PBXGroup;
			children = (
				B96517021DF67CF5005F4987 /* EventMember.storyboard */,
				B965170A1DF87474005F4987 /* EventGuestMemberListViewController.swift */,
				B965170C1DF874A6005F4987 /* EventGuestMemberListModel.swift */,
				B965170E1DF874CC005F4987 /* SearchMemberGuestListClient.swift */,
			);
			name = EventMember;
			sourceTree = "<group>";
		};
		B96517041DF76066005F4987 /* EventTeam */ = {
			isa = PBXGroup;
			children = (
				B96517051DF7608C005F4987 /* EventTeam.storyboard */,
				B96517101DF88A0E005F4987 /* EventGuestTeamListViewController.swift */,
			);
			name = EventTeam;
			sourceTree = "<group>";
		};
		B971862E1DEF93840096E506 /* EventCreation */ = {
			isa = PBXGroup;
			children = (
				B971862F1DEF93A60096E506 /* EventCreation.storyboard */,
				B97186311DEF93D90096E506 /* EventCreationViewController.swift */,
				8E9139041DF63AF40004BC31 /* EventInvite.storyboard */,
				8E9139061DF63C1D0004BC31 /* EventUserViewController.swift */,
			);
			name = EventCreation;
			sourceTree = "<group>";
		};
		B9D60EAE1DF9596200598123 /* Questions */ = {
			isa = PBXGroup;
			children = (
				B9D60EAF1DF959C100598123 /* QuestionViewController.swift */,
				B9D60EB11DF959E300598123 /* QuestionClient.swift */,
			);
			name = Questions;
			sourceTree = "<group>";
		};
		B9D60EB71DF961E500598123 /* Messages */ = {
			isa = PBXGroup;
			children = (
				B9D60EB81DF962EC00598123 /* MessageViewController.swift */,
				B9D60EBA1DF963D400598123 /* MessageClient.swift */,
			);
			name = Messages;
			sourceTree = "<group>";
		};
		B9EB83251DE38C1300C0A4B9 /* Main StoryBoard */ = {
			isa = PBXGroup;
			children = (
				B90CB8AD1DE347F100A8D68D /* Main.storyboard */,
				B90CB8AB1DE347F100A8D68D /* ViewController.swift */,
				B91622DC1DEF6070009D935C /* MenuViewController.swift */,
				B91622DE1DEF6093009D935C /* BaseViewController.swift */,
				B93D66261DF1F4B800210219 /* MenuViewClient.swift */,
			);
			name = "Main StoryBoard";
			sourceTree = "<group>";
		};
/* End PBXGroup section */

/* Begin PBXNativeTarget section */
		B90CB8A51DE347F100A8D68D /* Tutus */ = {
			isa = PBXNativeTarget;
			buildConfigurationList = B90CB8D11DE347F100A8D68D /* Build configuration list for PBXNativeTarget "Tutus" */;
			buildPhases = (
				0B13BBBB7392FF20475171AE /* [CP] Check Pods Manifest.lock */,
				B90CB8A21DE347F100A8D68D /* Sources */,
				B90CB8A31DE347F100A8D68D /* Frameworks */,
				B90CB8A41DE347F100A8D68D /* Resources */,
				2A88A2B772326970FBB6B17E /* [CP] Embed Pods Frameworks */,
				09EF7532643FB3C4F20914ED /* [CP] Copy Pods Resources */,
			);
			buildRules = (
			);
			dependencies = (
			);
			name = Tutus;
			productName = Tutus;
			productReference = B90CB8A61DE347F100A8D68D /* Tutus.app */;
			productType = "com.apple.product-type.application";
		};
		B90CB8BC1DE347F100A8D68D /* TutusTests */ = {
			isa = PBXNativeTarget;
			buildConfigurationList = B90CB8D41DE347F100A8D68D /* Build configuration list for PBXNativeTarget "TutusTests" */;
			buildPhases = (
				D5D0D2BDC13DDDEC560B4D1F /* [CP] Check Pods Manifest.lock */,
				B90CB8B91DE347F100A8D68D /* Sources */,
				B90CB8BA1DE347F100A8D68D /* Frameworks */,
				B90CB8BB1DE347F100A8D68D /* Resources */,
				FDBFFF2CB63AD6DDC1112C20 /* [CP] Embed Pods Frameworks */,
				386B42E5656514E613E4EFE3 /* [CP] Copy Pods Resources */,
			);
			buildRules = (
			);
			dependencies = (
				B90CB8BF1DE347F100A8D68D /* PBXTargetDependency */,
			);
			name = TutusTests;
			productName = TutusTests;
			productReference = B90CB8BD1DE347F100A8D68D /* TutusTests.xctest */;
			productType = "com.apple.product-type.bundle.unit-test";
		};
		B90CB8C71DE347F100A8D68D /* TutusUITests */ = {
			isa = PBXNativeTarget;
			buildConfigurationList = B90CB8D71DE347F100A8D68D /* Build configuration list for PBXNativeTarget "TutusUITests" */;
			buildPhases = (
				5E79510743369DB323F286CC /* [CP] Check Pods Manifest.lock */,
				B90CB8C41DE347F100A8D68D /* Sources */,
				B90CB8C51DE347F100A8D68D /* Frameworks */,
				B90CB8C61DE347F100A8D68D /* Resources */,
				1F81510265D10B23FE7A379C /* [CP] Embed Pods Frameworks */,
				879553CA4760D4CEBDBF5F4D /* [CP] Copy Pods Resources */,
			);
			buildRules = (
			);
			dependencies = (
				B90CB8CA1DE347F100A8D68D /* PBXTargetDependency */,
			);
			name = TutusUITests;
			productName = TutusUITests;
			productReference = B90CB8C81DE347F100A8D68D /* TutusUITests.xctest */;
			productType = "com.apple.product-type.bundle.ui-testing";
		};
/* End PBXNativeTarget section */

/* Begin PBXProject section */
		B90CB89E1DE347F100A8D68D /* Project object */ = {
			isa = PBXProject;
			attributes = {
				LastSwiftUpdateCheck = 0810;
				LastUpgradeCheck = 0810;
				ORGANIZATIONNAME = "Sebastian Guerrero";
				TargetAttributes = {
					B90CB8A51DE347F100A8D68D = {
						CreatedOnToolsVersion = 8.1;
						DevelopmentTeam = 4DWM5E7J8T;
						ProvisioningStyle = Automatic;
						SystemCapabilities = {
							com.apple.Keychain = {
								enabled = 1;
							};
						};
					};
					B90CB8BC1DE347F100A8D68D = {
						CreatedOnToolsVersion = 8.1;
						DevelopmentTeam = 4DWM5E7J8T;
						ProvisioningStyle = Automatic;
						TestTargetID = B90CB8A51DE347F100A8D68D;
					};
					B90CB8C71DE347F100A8D68D = {
						CreatedOnToolsVersion = 8.1;
						DevelopmentTeam = 4DWM5E7J8T;
						ProvisioningStyle = Automatic;
						TestTargetID = B90CB8A51DE347F100A8D68D;
					};
				};
			};
			buildConfigurationList = B90CB8A11DE347F100A8D68D /* Build configuration list for PBXProject "Tutus" */;
			compatibilityVersion = "Xcode 3.2";
			developmentRegion = English;
			hasScannedForEncodings = 0;
			knownRegions = (
				en,
				Base,
			);
			mainGroup = B90CB89D1DE347F100A8D68D;
			productRefGroup = B90CB8A71DE347F100A8D68D /* Products */;
			projectDirPath = "";
			projectRoot = "";
			targets = (
				B90CB8A51DE347F100A8D68D /* Tutus */,
				B90CB8BC1DE347F100A8D68D /* TutusTests */,
				B90CB8C71DE347F100A8D68D /* TutusUITests */,
			);
		};
/* End PBXProject section */

/* Begin PBXResourcesBuildPhase section */
		B90CB8A41DE347F100A8D68D /* Resources */ = {
			isa = PBXResourcesBuildPhase;
			buildActionMask = 2147483647;
			files = (
				8E118E411DF61ECC006AA6FA /* LocationCreation.storyboard in Resources */,
				B96517061DF7608C005F4987 /* EventTeam.storyboard in Resources */,
				B96517151DF8DA34005F4987 /* LocationTableViewCell.xib in Resources */,
				B90CB8DC1DE3695000A8D68D /* Login.storyboard in Resources */,
				B9D60EA71DF943A900598123 /* AssignmentTableViewCell.xib in Resources */,
				B97186301DEF93A60096E506 /* EventCreation.storyboard in Resources */,
				B96517031DF67CF5005F4987 /* EventMember.storyboard in Resources */,
				B91622D21DE760A0009D935C /* Event.storyboard in Resources */,
				B93D66391DF355FE00210219 /* RiskTableViewCell.xib in Resources */,
				8E1309971DF4C80C00577E51 /* GuestCreation.storyboard in Resources */,
				B90CB8B71DE347F100A8D68D /* LaunchScreen.storyboard in Resources */,
				B90CB8B41DE347F100A8D68D /* Assets.xcassets in Resources */,
				8E118E3B1DF61E91006AA6FA /* AssignmentCreation.storyboard in Resources */,
				8E9139051DF63AF40004BC31 /* EventInvite.storyboard in Resources */,
				B90CB8AF1DE347F100A8D68D /* Main.storyboard in Resources */,
			);
			runOnlyForDeploymentPostprocessing = 0;
		};
		B90CB8BB1DE347F100A8D68D /* Resources */ = {
			isa = PBXResourcesBuildPhase;
			buildActionMask = 2147483647;
			files = (
			);
			runOnlyForDeploymentPostprocessing = 0;
		};
		B90CB8C61DE347F100A8D68D /* Resources */ = {
			isa = PBXResourcesBuildPhase;
			buildActionMask = 2147483647;
			files = (
			);
			runOnlyForDeploymentPostprocessing = 0;
		};
/* End PBXResourcesBuildPhase section */

/* Begin PBXShellScriptBuildPhase section */
		09EF7532643FB3C4F20914ED /* [CP] Copy Pods Resources */ = {
			isa = PBXShellScriptBuildPhase;
			buildActionMask = 2147483647;
			files = (
			);
			inputPaths = (
			);
			name = "[CP] Copy Pods Resources";
			outputPaths = (
			);
			runOnlyForDeploymentPostprocessing = 0;
			shellPath = /bin/sh;
			shellScript = "\"${SRCROOT}/Pods/Target Support Files/Pods-Tutus/Pods-Tutus-resources.sh\"\n";
			showEnvVarsInLog = 0;
		};
		0B13BBBB7392FF20475171AE /* [CP] Check Pods Manifest.lock */ = {
			isa = PBXShellScriptBuildPhase;
			buildActionMask = 2147483647;
			files = (
			);
			inputPaths = (
			);
			name = "[CP] Check Pods Manifest.lock";
			outputPaths = (
			);
			runOnlyForDeploymentPostprocessing = 0;
			shellPath = /bin/sh;
			shellScript = "diff \"${PODS_ROOT}/../Podfile.lock\" \"${PODS_ROOT}/Manifest.lock\" > /dev/null\nif [ $? != 0 ] ; then\n    # print error to STDERR\n    echo \"error: The sandbox is not in sync with the Podfile.lock. Run 'pod install' or update your CocoaPods installation.\" >&2\n    exit 1\nfi\n";
			showEnvVarsInLog = 0;
		};
		1F81510265D10B23FE7A379C /* [CP] Embed Pods Frameworks */ = {
			isa = PBXShellScriptBuildPhase;
			buildActionMask = 2147483647;
			files = (
			);
			inputPaths = (
			);
			name = "[CP] Embed Pods Frameworks";
			outputPaths = (
			);
			runOnlyForDeploymentPostprocessing = 0;
			shellPath = /bin/sh;
			shellScript = "\"${SRCROOT}/Pods/Target Support Files/Pods-TutusUITests/Pods-TutusUITests-frameworks.sh\"\n";
			showEnvVarsInLog = 0;
		};
		2A88A2B772326970FBB6B17E /* [CP] Embed Pods Frameworks */ = {
			isa = PBXShellScriptBuildPhase;
			buildActionMask = 2147483647;
			files = (
			);
			inputPaths = (
			);
			name = "[CP] Embed Pods Frameworks";
			outputPaths = (
			);
			runOnlyForDeploymentPostprocessing = 0;
			shellPath = /bin/sh;
			shellScript = "\"${SRCROOT}/Pods/Target Support Files/Pods-Tutus/Pods-Tutus-frameworks.sh\"\n";
			showEnvVarsInLog = 0;
		};
		386B42E5656514E613E4EFE3 /* [CP] Copy Pods Resources */ = {
			isa = PBXShellScriptBuildPhase;
			buildActionMask = 2147483647;
			files = (
			);
			inputPaths = (
			);
			name = "[CP] Copy Pods Resources";
			outputPaths = (
			);
			runOnlyForDeploymentPostprocessing = 0;
			shellPath = /bin/sh;
			shellScript = "\"${SRCROOT}/Pods/Target Support Files/Pods-TutusTests/Pods-TutusTests-resources.sh\"\n";
			showEnvVarsInLog = 0;
		};
		5E79510743369DB323F286CC /* [CP] Check Pods Manifest.lock */ = {
			isa = PBXShellScriptBuildPhase;
			buildActionMask = 2147483647;
			files = (
			);
			inputPaths = (
			);
			name = "[CP] Check Pods Manifest.lock";
			outputPaths = (
			);
			runOnlyForDeploymentPostprocessing = 0;
			shellPath = /bin/sh;
			shellScript = "diff \"${PODS_ROOT}/../Podfile.lock\" \"${PODS_ROOT}/Manifest.lock\" > /dev/null\nif [ $? != 0 ] ; then\n    # print error to STDERR\n    echo \"error: The sandbox is not in sync with the Podfile.lock. Run 'pod install' or update your CocoaPods installation.\" >&2\n    exit 1\nfi\n";
			showEnvVarsInLog = 0;
		};
		879553CA4760D4CEBDBF5F4D /* [CP] Copy Pods Resources */ = {
			isa = PBXShellScriptBuildPhase;
			buildActionMask = 2147483647;
			files = (
			);
			inputPaths = (
			);
			name = "[CP] Copy Pods Resources";
			outputPaths = (
			);
			runOnlyForDeploymentPostprocessing = 0;
			shellPath = /bin/sh;
			shellScript = "\"${SRCROOT}/Pods/Target Support Files/Pods-TutusUITests/Pods-TutusUITests-resources.sh\"\n";
			showEnvVarsInLog = 0;
		};
		D5D0D2BDC13DDDEC560B4D1F /* [CP] Check Pods Manifest.lock */ = {
			isa = PBXShellScriptBuildPhase;
			buildActionMask = 2147483647;
			files = (
			);
			inputPaths = (
			);
			name = "[CP] Check Pods Manifest.lock";
			outputPaths = (
			);
			runOnlyForDeploymentPostprocessing = 0;
			shellPath = /bin/sh;
			shellScript = "diff \"${PODS_ROOT}/../Podfile.lock\" \"${PODS_ROOT}/Manifest.lock\" > /dev/null\nif [ $? != 0 ] ; then\n    # print error to STDERR\n    echo \"error: The sandbox is not in sync with the Podfile.lock. Run 'pod install' or update your CocoaPods installation.\" >&2\n    exit 1\nfi\n";
			showEnvVarsInLog = 0;
		};
		FDBFFF2CB63AD6DDC1112C20 /* [CP] Embed Pods Frameworks */ = {
			isa = PBXShellScriptBuildPhase;
			buildActionMask = 2147483647;
			files = (
			);
			inputPaths = (
			);
			name = "[CP] Embed Pods Frameworks";
			outputPaths = (
			);
			runOnlyForDeploymentPostprocessing = 0;
			shellPath = /bin/sh;
			shellScript = "\"${SRCROOT}/Pods/Target Support Files/Pods-TutusTests/Pods-TutusTests-frameworks.sh\"\n";
			showEnvVarsInLog = 0;
		};
/* End PBXShellScriptBuildPhase section */

/* Begin PBXSourcesBuildPhase section */
		B90CB8A21DE347F100A8D68D /* Sources */ = {
			isa = PBXSourcesBuildPhase;
			buildActionMask = 2147483647;
			files = (
				B965170B1DF87474005F4987 /* EventGuestMemberListViewController.swift in Sources */,
				B9224D9A1DF494D000F39F2E /* GuestDetailViewModel.swift in Sources */,
				B93D66381DF355FE00210219 /* RiskTableViewCell.swift in Sources */,
				B96517191DF8DEC0005F4987 /* LocationListModel.swift in Sources */,
				B93D662D1DF34C1300210219 /* EventGuestRiskListViewController.swift in Sources */,
				B90CB8DE1DE369B000A8D68D /* LoginViewController.swift in Sources */,
				B91622DD1DEF6070009D935C /* MenuViewController.swift in Sources */,
				8E118E451DF61FAD006AA6FA /* LocationCreationViewController.swift in Sources */,
				8E294CEC1DF7D85400E722D0 /* CollectionReusableView.swift in Sources */,
				B91622DF1DEF6093009D935C /* BaseViewController.swift in Sources */,
				B9D60EB91DF962EC00598123 /* MessageViewController.swift in Sources */,
				B9D60EB21DF959E300598123 /* QuestionClient.swift in Sources */,
				B96517111DF88A0E005F4987 /* EventGuestTeamListViewController.swift in Sources */,
				B97186341DEFA4D40096E506 /* UserClient.swift in Sources */,
				B96517081DF7816D005F4987 /* User.swift in Sources */,
				8E9139071DF63C1D0004BC31 /* EventUserViewController.swift in Sources */,
				B93D66271DF1F4B800210219 /* MenuViewClient.swift in Sources */,
				8E1309991DF4C83E00577E51 /* GuestCreationViewController.swift in Sources */,
				B96517171DF8DCB9005F4987 /* LocationViewController.swift in Sources */,
				B97186321DEF93D90096E506 /* EventCreationViewController.swift in Sources */,
				8E13099B1DF4C86200577E51 /* GuestClient.swift in Sources */,
				B965171B1DF8DEF7005F4987 /* Location.swift in Sources */,
				B965170D1DF874A6005F4987 /* EventGuestMemberListModel.swift in Sources */,
				B93D662B1DF3419900210219 /* NoEventViewController.swift in Sources */,
				B90CB8E01DE36A5600A8D68D /* LoginClient.swift in Sources */,
				B93D66291DF236F200210219 /* EventViewController.swift in Sources */,
				B9D60EA61DF943A900598123 /* AssignmentTableViewCell.swift in Sources */,
				B93D66351DF3549A00210219 /* SearchGuestListRiskClient.swift in Sources */,
				B9D60EB01DF959C100598123 /* QuestionViewController.swift in Sources */,
				B965171D1DF8F7AB005F4987 /* AssignmentViewController.swift in Sources */,
				B965170F1DF874CC005F4987 /* SearchMemberGuestListClient.swift in Sources */,
				B9D60EA91DF947CD00598123 /* AssignmentTableViewController.swift in Sources */,
				B90CB8AC1DE347F100A8D68D /* ViewController.swift in Sources */,
				B9D60EB61DF95A4600598123 /* Question.swift in Sources */,
				B91622D41DE760B2009D935C /* EventClient.swift in Sources */,
				8E294CEE1DF7EF8200E722D0 /* CollectionViewCell.swift in Sources */,
				8E118E3D1DF61EA0006AA6FA /* AssignmentClient.swift in Sources */,
				8E118E3F1DF61EB0006AA6FA /* AssignmentCreationViewController.swift in Sources */,
				B9D60EAB1DF9487A00598123 /* AssignmentListModel.swift in Sources */,
				B90CB8AA1DE347F100A8D68D /* AppDelegate.swift in Sources */,
				B9D60EAD1DF9491800598123 /* Assignment.swift in Sources */,
				B9224D9C1DF4A99D00F39F2E /* Event.swift in Sources */,
				B96517141DF8DA34005F4987 /* LocationTableViewCell.swift in Sources */,
				8E118E431DF61EE7006AA6FA /* LocationClient.swift in Sources */,
				B90CB8B21DE347F100A8D68D /* Tutus.xcdatamodeld in Sources */,
				B93D66331DF353DE00210219 /* Guest.swift in Sources */,
				B9224D981DF48F4500F39F2E /* GuestDetailViewController.swift in Sources */,
				B93D66301DF353A800210219 /* EventGuestRiskListModel.swift in Sources */,
				B9D60EBB1DF963D400598123 /* MessageClient.swift in Sources */,
			);
			runOnlyForDeploymentPostprocessing = 0;
		};
		B90CB8B91DE347F100A8D68D /* Sources */ = {
			isa = PBXSourcesBuildPhase;
			buildActionMask = 2147483647;
			files = (
				B90CB8C21DE347F100A8D68D /* TutusTests.swift in Sources */,
			);
			runOnlyForDeploymentPostprocessing = 0;
		};
		B90CB8C41DE347F100A8D68D /* Sources */ = {
			isa = PBXSourcesBuildPhase;
			buildActionMask = 2147483647;
			files = (
				B90CB8CD1DE347F100A8D68D /* TutusUITests.swift in Sources */,
			);
			runOnlyForDeploymentPostprocessing = 0;
		};
/* End PBXSourcesBuildPhase section */

/* Begin PBXTargetDependency section */
		B90CB8BF1DE347F100A8D68D /* PBXTargetDependency */ = {
			isa = PBXTargetDependency;
			target = B90CB8A51DE347F100A8D68D /* Tutus */;
			targetProxy = B90CB8BE1DE347F100A8D68D /* PBXContainerItemProxy */;
		};
		B90CB8CA1DE347F100A8D68D /* PBXTargetDependency */ = {
			isa = PBXTargetDependency;
			target = B90CB8A51DE347F100A8D68D /* Tutus */;
			targetProxy = B90CB8C91DE347F100A8D68D /* PBXContainerItemProxy */;
		};
/* End PBXTargetDependency section */

/* Begin PBXVariantGroup section */
		B90CB8AD1DE347F100A8D68D /* Main.storyboard */ = {
			isa = PBXVariantGroup;
			children = (
				B90CB8AE1DE347F100A8D68D /* Base */,
			);
			name = Main.storyboard;
			sourceTree = "<group>";
		};
		B90CB8B51DE347F100A8D68D /* LaunchScreen.storyboard */ = {
			isa = PBXVariantGroup;
			children = (
				B90CB8B61DE347F100A8D68D /* Base */,
			);
			name = LaunchScreen.storyboard;
			sourceTree = "<group>";
		};
/* End PBXVariantGroup section */

/* Begin XCBuildConfiguration section */
		B90CB8CF1DE347F100A8D68D /* Debug */ = {
			isa = XCBuildConfiguration;
			buildSettings = {
				ALWAYS_SEARCH_USER_PATHS = NO;
				CLANG_ANALYZER_NONNULL = YES;
				CLANG_CXX_LANGUAGE_STANDARD = "gnu++0x";
				CLANG_CXX_LIBRARY = "libc++";
				CLANG_ENABLE_MODULES = YES;
				CLANG_ENABLE_OBJC_ARC = YES;
				CLANG_WARN_BOOL_CONVERSION = YES;
				CLANG_WARN_CONSTANT_CONVERSION = YES;
				CLANG_WARN_DIRECT_OBJC_ISA_USAGE = YES_ERROR;
				CLANG_WARN_DOCUMENTATION_COMMENTS = YES;
				CLANG_WARN_EMPTY_BODY = YES;
				CLANG_WARN_ENUM_CONVERSION = YES;
				CLANG_WARN_INFINITE_RECURSION = YES;
				CLANG_WARN_INT_CONVERSION = YES;
				CLANG_WARN_OBJC_ROOT_CLASS = YES_ERROR;
				CLANG_WARN_SUSPICIOUS_MOVES = YES;
				CLANG_WARN_UNREACHABLE_CODE = YES;
				CLANG_WARN__DUPLICATE_METHOD_MATCH = YES;
				"CODE_SIGN_IDENTITY[sdk=iphoneos*]" = "iPhone Developer";
				COPY_PHASE_STRIP = NO;
				DEBUG_INFORMATION_FORMAT = dwarf;
				ENABLE_STRICT_OBJC_MSGSEND = YES;
				ENABLE_TESTABILITY = YES;
				GCC_C_LANGUAGE_STANDARD = gnu99;
				GCC_DYNAMIC_NO_PIC = NO;
				GCC_NO_COMMON_BLOCKS = YES;
				GCC_OPTIMIZATION_LEVEL = 0;
				GCC_PREPROCESSOR_DEFINITIONS = (
					"DEBUG=1",
					"$(inherited)",
				);
				GCC_WARN_64_TO_32_BIT_CONVERSION = YES;
				GCC_WARN_ABOUT_RETURN_TYPE = YES_ERROR;
				GCC_WARN_UNDECLARED_SELECTOR = YES;
				GCC_WARN_UNINITIALIZED_AUTOS = YES_AGGRESSIVE;
				GCC_WARN_UNUSED_FUNCTION = YES;
				GCC_WARN_UNUSED_VARIABLE = YES;
				IPHONEOS_DEPLOYMENT_TARGET = 10.1;
				MTL_ENABLE_DEBUG_INFO = YES;
				ONLY_ACTIVE_ARCH = YES;
				SDKROOT = iphoneos;
				SWIFT_ACTIVE_COMPILATION_CONDITIONS = DEBUG;
				SWIFT_OPTIMIZATION_LEVEL = "-Onone";
			};
			name = Debug;
		};
		B90CB8D01DE347F100A8D68D /* Release */ = {
			isa = XCBuildConfiguration;
			buildSettings = {
				ALWAYS_SEARCH_USER_PATHS = NO;
				CLANG_ANALYZER_NONNULL = YES;
				CLANG_CXX_LANGUAGE_STANDARD = "gnu++0x";
				CLANG_CXX_LIBRARY = "libc++";
				CLANG_ENABLE_MODULES = YES;
				CLANG_ENABLE_OBJC_ARC = YES;
				CLANG_WARN_BOOL_CONVERSION = YES;
				CLANG_WARN_CONSTANT_CONVERSION = YES;
				CLANG_WARN_DIRECT_OBJC_ISA_USAGE = YES_ERROR;
				CLANG_WARN_DOCUMENTATION_COMMENTS = YES;
				CLANG_WARN_EMPTY_BODY = YES;
				CLANG_WARN_ENUM_CONVERSION = YES;
				CLANG_WARN_INFINITE_RECURSION = YES;
				CLANG_WARN_INT_CONVERSION = YES;
				CLANG_WARN_OBJC_ROOT_CLASS = YES_ERROR;
				CLANG_WARN_SUSPICIOUS_MOVES = YES;
				CLANG_WARN_UNREACHABLE_CODE = YES;
				CLANG_WARN__DUPLICATE_METHOD_MATCH = YES;
				"CODE_SIGN_IDENTITY[sdk=iphoneos*]" = "iPhone Developer";
				COPY_PHASE_STRIP = NO;
				DEBUG_INFORMATION_FORMAT = "dwarf-with-dsym";
				ENABLE_NS_ASSERTIONS = NO;
				ENABLE_STRICT_OBJC_MSGSEND = YES;
				GCC_C_LANGUAGE_STANDARD = gnu99;
				GCC_NO_COMMON_BLOCKS = YES;
				GCC_WARN_64_TO_32_BIT_CONVERSION = YES;
				GCC_WARN_ABOUT_RETURN_TYPE = YES_ERROR;
				GCC_WARN_UNDECLARED_SELECTOR = YES;
				GCC_WARN_UNINITIALIZED_AUTOS = YES_AGGRESSIVE;
				GCC_WARN_UNUSED_FUNCTION = YES;
				GCC_WARN_UNUSED_VARIABLE = YES;
				IPHONEOS_DEPLOYMENT_TARGET = 10.1;
				MTL_ENABLE_DEBUG_INFO = NO;
				SDKROOT = iphoneos;
				SWIFT_OPTIMIZATION_LEVEL = "-Owholemodule";
				VALIDATE_PRODUCT = YES;
			};
			name = Release;
		};
		B90CB8D21DE347F100A8D68D /* Debug */ = {
			isa = XCBuildConfiguration;
			baseConfigurationReference = CA9A2505F6D1BBC8934992F0 /* Pods-Tutus.debug.xcconfig */;
			buildSettings = {
				ASSETCATALOG_COMPILER_APPICON_NAME = AppIcon;
				CODE_SIGN_ENTITLEMENTS = Tutus/Tutus.entitlements;
				DEVELOPMENT_TEAM = 4DWM5E7J8T;
				INFOPLIST_FILE = Tutus/Info.plist;
				LD_RUNPATH_SEARCH_PATHS = "$(inherited) @executable_path/Frameworks";
				PRODUCT_BUNDLE_IDENTIFIER = project.Tutus;
				PRODUCT_NAME = "$(TARGET_NAME)";
				SWIFT_VERSION = 3.0;
			};
			name = Debug;
		};
		B90CB8D31DE347F100A8D68D /* Release */ = {
			isa = XCBuildConfiguration;
			baseConfigurationReference = 55B411B8A56D06B25AF6636A /* Pods-Tutus.release.xcconfig */;
			buildSettings = {
				ASSETCATALOG_COMPILER_APPICON_NAME = AppIcon;
				CODE_SIGN_ENTITLEMENTS = Tutus/Tutus.entitlements;
				DEVELOPMENT_TEAM = 4DWM5E7J8T;
				INFOPLIST_FILE = Tutus/Info.plist;
				LD_RUNPATH_SEARCH_PATHS = "$(inherited) @executable_path/Frameworks";
				PRODUCT_BUNDLE_IDENTIFIER = project.Tutus;
				PRODUCT_NAME = "$(TARGET_NAME)";
				SWIFT_VERSION = 3.0;
			};
			name = Release;
		};
		B90CB8D51DE347F100A8D68D /* Debug */ = {
			isa = XCBuildConfiguration;
			baseConfigurationReference = CB44204C22D4C5A2250BC30A /* Pods-TutusTests.debug.xcconfig */;
			buildSettings = {
				ALWAYS_EMBED_SWIFT_STANDARD_LIBRARIES = YES;
				BUNDLE_LOADER = "$(TEST_HOST)";
				DEVELOPMENT_TEAM = 4DWM5E7J8T;
				INFOPLIST_FILE = TutusTests/Info.plist;
				LD_RUNPATH_SEARCH_PATHS = "$(inherited) @executable_path/Frameworks @loader_path/Frameworks";
				PRODUCT_BUNDLE_IDENTIFIER = project.TutusTests;
				PRODUCT_NAME = "$(TARGET_NAME)";
				SWIFT_VERSION = 3.0;
				TEST_HOST = "$(BUILT_PRODUCTS_DIR)/Tutus.app/Tutus";
			};
			name = Debug;
		};
		B90CB8D61DE347F100A8D68D /* Release */ = {
			isa = XCBuildConfiguration;
			baseConfigurationReference = 9A8E1346EAF0E12BCC701B79 /* Pods-TutusTests.release.xcconfig */;
			buildSettings = {
				ALWAYS_EMBED_SWIFT_STANDARD_LIBRARIES = YES;
				BUNDLE_LOADER = "$(TEST_HOST)";
				DEVELOPMENT_TEAM = 4DWM5E7J8T;
				INFOPLIST_FILE = TutusTests/Info.plist;
				LD_RUNPATH_SEARCH_PATHS = "$(inherited) @executable_path/Frameworks @loader_path/Frameworks";
				PRODUCT_BUNDLE_IDENTIFIER = project.TutusTests;
				PRODUCT_NAME = "$(TARGET_NAME)";
				SWIFT_VERSION = 3.0;
				TEST_HOST = "$(BUILT_PRODUCTS_DIR)/Tutus.app/Tutus";
			};
			name = Release;
		};
		B90CB8D81DE347F100A8D68D /* Debug */ = {
			isa = XCBuildConfiguration;
			baseConfigurationReference = D815CA8F864A0545BB9B333D /* Pods-TutusUITests.debug.xcconfig */;
			buildSettings = {
				ALWAYS_EMBED_SWIFT_STANDARD_LIBRARIES = YES;
				DEVELOPMENT_TEAM = 4DWM5E7J8T;
				INFOPLIST_FILE = TutusUITests/Info.plist;
				LD_RUNPATH_SEARCH_PATHS = "$(inherited) @executable_path/Frameworks @loader_path/Frameworks";
				PRODUCT_BUNDLE_IDENTIFIER = project.TutusUITests;
				PRODUCT_NAME = "$(TARGET_NAME)";
				SWIFT_VERSION = 3.0;
				TEST_TARGET_NAME = Tutus;
			};
			name = Debug;
		};
		B90CB8D91DE347F100A8D68D /* Release */ = {
			isa = XCBuildConfiguration;
			baseConfigurationReference = 7690543BBF6C0AE928DE7FBB /* Pods-TutusUITests.release.xcconfig */;
			buildSettings = {
				ALWAYS_EMBED_SWIFT_STANDARD_LIBRARIES = YES;
				DEVELOPMENT_TEAM = 4DWM5E7J8T;
				INFOPLIST_FILE = TutusUITests/Info.plist;
				LD_RUNPATH_SEARCH_PATHS = "$(inherited) @executable_path/Frameworks @loader_path/Frameworks";
				PRODUCT_BUNDLE_IDENTIFIER = project.TutusUITests;
				PRODUCT_NAME = "$(TARGET_NAME)";
				SWIFT_VERSION = 3.0;
				TEST_TARGET_NAME = Tutus;
			};
			name = Release;
		};
/* End XCBuildConfiguration section */

/* Begin XCConfigurationList section */
		B90CB8A11DE347F100A8D68D /* Build configuration list for PBXProject "Tutus" */ = {
			isa = XCConfigurationList;
			buildConfigurations = (
				B90CB8CF1DE347F100A8D68D /* Debug */,
				B90CB8D01DE347F100A8D68D /* Release */,
			);
			defaultConfigurationIsVisible = 0;
			defaultConfigurationName = Release;
		};
		B90CB8D11DE347F100A8D68D /* Build configuration list for PBXNativeTarget "Tutus" */ = {
			isa = XCConfigurationList;
			buildConfigurations = (
				B90CB8D21DE347F100A8D68D /* Debug */,
				B90CB8D31DE347F100A8D68D /* Release */,
			);
			defaultConfigurationIsVisible = 0;
			defaultConfigurationName = Release;
		};
		B90CB8D41DE347F100A8D68D /* Build configuration list for PBXNativeTarget "TutusTests" */ = {
			isa = XCConfigurationList;
			buildConfigurations = (
				B90CB8D51DE347F100A8D68D /* Debug */,
				B90CB8D61DE347F100A8D68D /* Release */,
			);
			defaultConfigurationIsVisible = 0;
			defaultConfigurationName = Release;
		};
		B90CB8D71DE347F100A8D68D /* Build configuration list for PBXNativeTarget "TutusUITests" */ = {
			isa = XCConfigurationList;
			buildConfigurations = (
				B90CB8D81DE347F100A8D68D /* Debug */,
				B90CB8D91DE347F100A8D68D /* Release */,
			);
			defaultConfigurationIsVisible = 0;
			defaultConfigurationName = Release;
		};
/* End XCConfigurationList section */

/* Begin XCVersionGroup section */
		B90CB8B01DE347F100A8D68D /* Tutus.xcdatamodeld */ = {
			isa = XCVersionGroup;
			children = (
				B90CB8B11DE347F100A8D68D /* Tutus.xcdatamodel */,
			);
			currentVersion = B90CB8B11DE347F100A8D68D /* Tutus.xcdatamodel */;
			path = Tutus.xcdatamodeld;
			sourceTree = "<group>";
			versionGroupType = wrapper.xcdatamodel;
		};
/* End XCVersionGroup section */
	};
	rootObject = B90CB89E1DE347F100A8D68D /* Project object */;
}
